# This file was autogenerated by Stack.
# You should not edit this file by hand.
# For more information, please see the documentation at:
#   https://docs.haskellstack.org/en/stable/lock_files

packages:
- completed:
    hackage: wai-3.2.2@sha256:0d38213a13820a418591fa69f767c44616574c833b1fc9e1425ac59ed3d35704,1763
    pantry-tree:
      size: 485
      sha256: 14f5aafa3323c6cbcc5ab83aeda5f5ee789c19983a17a23b8299519f9daaf03b
  original:
    hackage: wai-3.2.2
snapshots:
- completed:
    size: 491155
    url: https://raw.githubusercontent.com/commercialhaskell/stackage-snapshots/master/lts/13/0.yaml
    sha256: 8d3c33e0feab8e04b9ed31452e0219a2b827ed1338c809f79d986c71a177e6ba
  original: lts-13.0
